
Microsoft Visual Studio Solution File, Format Version 12.00
# Visual Studio Version 17
VisualStudioVersion = 17.5.002.0
MinimumVisualStudioVersion = 10.0.40219.1
Project("{9A19103F-16F7-4668-BE54-9A1E7A4F7556}") = "Final ADO Project With Repo", "Final ADO Project With Repo.csproj", "{891FAB0B-6A68-4B2E-8DAC-F05E7E0B12D3}"
EndProject
Global
	GlobalSection(SolutionConfigurationPlatforms) = preSolution
		Debug|Any CPU = Debug|Any CPU
		Release|Any CPU = Release|Any CPU
	EndGlobalSection
	GlobalSection(ProjectConfigurationPlatforms) = postSolution
		{891FAB0B-6A68-4B2E-8DAC-F05E7E0B12D3}.Debug|Any CPU.ActiveCfg = Debug|Any CPU
		{891FAB0B-6A68-4B2E-8DAC-F05E7E0B12D3}.Debug|Any CPU.Build.0 = Debug|Any CPU
		{891FAB0B-6A68-4B2E-8DAC-F05E7E0B12D3}.Release|Any CPU.ActiveCfg = Release|Any CPU
		{891FAB0B-6A68-4B2E-8DAC-F05E7E0B12D3}.Release|Any CPU.Build.0 = Release|Any CPU
	EndGlobalSection
	GlobalSection(SolutionProperties) = preSolution
		HideSolutionNode = FALSE
	EndGlobalSection
	GlobalSection(ExtensibilityGlobals) = postSolution
		SolutionGuid = {B2661256-7588-479A-AC9A-C696FB8A4765}
	EndGlobalSection
EndGlobal
